
Microsoft Visual Studio Solution File, Format Version 12.00
# Visual Studio Version 17
VisualStudioVersion = 17.14.36414.22 d17.14
MinimumVisualStudioVersion = 10.0.40219.1
Project("{FAE04EC0-301F-11D3-BF4B-00C04F79EFBC}") = "Cashora.Web", "Cashora.Web\Cashora.Web.csproj", "{F20DBCEC-4398-4130-A34B-31E6E2D6B007}"
EndProject
Global
	GlobalSection(SolutionConfigurationPlatforms) = preSolution
		Debug|Any CPU = Debug|Any CPU
		Release|Any CPU = Release|Any CPU
	EndGlobalSection
	GlobalSection(ProjectConfigurationPlatforms) = postSolution
		{F20DBCEC-4398-4130-A34B-31E6E2D6B007}.Debug|Any CPU.ActiveCfg = Debug|Any CPU
		{F20DBCEC-4398-4130-A34B-31E6E2D6B007}.Debug|Any CPU.Build.0 = Debug|Any CPU
		{F20DBCEC-4398-4130-A34B-31E6E2D6B007}.Release|Any CPU.ActiveCfg = Release|Any CPU
		{F20DBCEC-4398-4130-A34B-31E6E2D6B007}.Release|Any CPU.Build.0 = Release|Any CPU
	EndGlobalSection
	GlobalSection(SolutionProperties) = preSolution
		HideSolutionNode = FALSE
	EndGlobalSection
	GlobalSection(ExtensibilityGlobals) = postSolution
		SolutionGuid = {6A3ADDDB-6EC4-4618-B166-361383C202FF}
	EndGlobalSection
EndGlobal
