
Microsoft Visual Studio Solution File, Format Version 12.00
# Visual Studio Version 17
VisualStudioVersion = 17.14.36414.22
MinimumVisualStudioVersion = 10.0.40219.1
Project("{FAE04EC0-301F-11D3-BF4B-00C04F79EFBC}") = "Cashora.Web", "Cashora.Web\Cashora.Web.csproj", "{F20DBCEC-4398-4130-A34B-31E6E2D6B007}"
EndProject
Project("{2150E333-8FDC-42A3-9474-1A3956D46DE8}") = "DbScripts", "DbScripts", "{02EA681E-C7D8-13C7-8484-4AC65E1B71E8}"
	ProjectSection(SolutionItems) = preProject
		create_database.sql = create_database.sql
	EndProjectSection
EndProject
Project("{FAE04EC0-301F-11D3-BF4B-00C04F79EFBC}") = "Cashora.Services", "Cashora.Services\Cashora.Services.csproj", "{7323EC2E-EDA3-4B08-9A3D-CEBE4D68037A}"
EndProject
Project("{FAE04EC0-301F-11D3-BF4B-00C04F79EFBC}") = "Cashora.Repositories", "Cashora.Repositories\Cashora.Repositories.csproj", "{6B93D0AB-6E27-400E-AE25-3B4F5A67B1D6}"
EndProject
Global
	GlobalSection(SolutionConfigurationPlatforms) = preSolution
		Debug|Any CPU = Debug|Any CPU
		Release|Any CPU = Release|Any CPU
	EndGlobalSection
	GlobalSection(ProjectConfigurationPlatforms) = postSolution
		{F20DBCEC-4398-4130-A34B-31E6E2D6B007}.Debug|Any CPU.ActiveCfg = Debug|Any CPU
		{F20DBCEC-4398-4130-A34B-31E6E2D6B007}.Debug|Any CPU.Build.0 = Debug|Any CPU
		{F20DBCEC-4398-4130-A34B-31E6E2D6B007}.Release|Any CPU.ActiveCfg = Release|Any CPU
		{F20DBCEC-4398-4130-A34B-31E6E2D6B007}.Release|Any CPU.Build.0 = Release|Any CPU
		{7323EC2E-EDA3-4B08-9A3D-CEBE4D68037A}.Debug|Any CPU.ActiveCfg = Debug|Any CPU
		{7323EC2E-EDA3-4B08-9A3D-CEBE4D68037A}.Debug|Any CPU.Build.0 = Debug|Any CPU
		{7323EC2E-EDA3-4B08-9A3D-CEBE4D68037A}.Release|Any CPU.ActiveCfg = Release|Any CPU
		{7323EC2E-EDA3-4B08-9A3D-CEBE4D68037A}.Release|Any CPU.Build.0 = Release|Any CPU
		{6B93D0AB-6E27-400E-AE25-3B4F5A67B1D6}.Debug|Any CPU.ActiveCfg = Debug|Any CPU
		{6B93D0AB-6E27-400E-AE25-3B4F5A67B1D6}.Debug|Any CPU.Build.0 = Debug|Any CPU
		{6B93D0AB-6E27-400E-AE25-3B4F5A67B1D6}.Release|Any CPU.ActiveCfg = Release|Any CPU
		{6B93D0AB-6E27-400E-AE25-3B4F5A67B1D6}.Release|Any CPU.Build.0 = Release|Any CPU
	EndGlobalSection
	GlobalSection(SolutionProperties) = preSolution
		HideSolutionNode = FALSE
	EndGlobalSection
	GlobalSection(ExtensibilityGlobals) = postSolution
		SolutionGuid = {6A3ADDDB-6EC4-4618-B166-361383C202FF}
	EndGlobalSection
EndGlobal
